
Microsoft Visual Studio Solution File, Format Version 12.00
# Visual Studio 15
VisualStudioVersion = 15.0.27428.1
MinimumVisualStudioVersion = 10.0.40219.1
Project("{9A19103F-16F7-4668-BE54-9A1E7A4F7556}") = "ReactiveList.Test", "ReactiveList\ReactiveList.Test\ReactiveList.Test.csproj", "{401F1487-9C41-4AE2-8566-037A777CB439}"
EndProject
Project("{FAE04EC0-301F-11D3-BF4B-00C04F79EFBC}") = "ReactiveList.Test.Android", "ReactiveList\ReactiveList.Test.Android\ReactiveList.Test.Android.csproj", "{40405D0B-DAFC-4863-8DE2-2501DBEDFFF7}"
EndProject
Project("{FAE04EC0-301F-11D3-BF4B-00C04F79EFBC}") = "ReactiveList.Test.iOS", "ReactiveList\ReactiveList.Test.iOS\ReactiveList.Test.iOS.csproj", "{2A8C744D-57F8-4F41-8251-7CA590F8D95B}"
EndProject
Project("{FAE04EC0-301F-11D3-BF4B-00C04F79EFBC}") = "ReactiveList.Test.UWP", "ReactiveList\ReactiveList.Test.UWP\ReactiveList.Test.UWP.csproj", "{B69AA457-3568-4E52-B427-3A719A55E64D}"
EndProject
Project("{9A19103F-16F7-4668-BE54-9A1E7A4F7556}") = "ReactiveList", "ReactiveList\ReactiveList.Lib\ReactiveList\ReactiveList.csproj", "{AB0ED03E-6A79-4D6A-BC7D-EC09763EC9AD}"
EndProject
Global
	GlobalSection(SolutionConfigurationPlatforms) = preSolution
		Ad-Hoc|Any CPU = Ad-Hoc|Any CPU
		Ad-Hoc|ARM = Ad-Hoc|ARM
		Ad-Hoc|iPhone = Ad-Hoc|iPhone
		Ad-Hoc|iPhoneSimulator = Ad-Hoc|iPhoneSimulator
		Ad-Hoc|x64 = Ad-Hoc|x64
		Ad-Hoc|x86 = Ad-Hoc|x86
		AppStore|Any CPU = AppStore|Any CPU
		AppStore|ARM = AppStore|ARM
		AppStore|iPhone = AppStore|iPhone
		AppStore|iPhoneSimulator = AppStore|iPhoneSimulator
		AppStore|x64 = AppStore|x64
		AppStore|x86 = AppStore|x86
		Debug|Any CPU = Debug|Any CPU
		Debug|ARM = Debug|ARM
		Debug|iPhone = Debug|iPhone
		Debug|iPhoneSimulator = Debug|iPhoneSimulator
		Debug|x64 = Debug|x64
		Debug|x86 = Debug|x86
		Release|Any CPU = Release|Any CPU
		Release|ARM = Release|ARM
		Release|iPhone = Release|iPhone
		Release|iPhoneSimulator = Release|iPhoneSimulator
		Release|x64 = Release|x64
		Release|x86 = Release|x86
	EndGlobalSection
	GlobalSection(ProjectConfigurationPlatforms) = postSolution
		{401F1487-9C41-4AE2-8566-037A777CB439}.Ad-Hoc|Any CPU.ActiveCfg = Debug|Any CPU
		{401F1487-9C41-4AE2-8566-037A777CB439}.Ad-Hoc|Any CPU.Build.0 = Debug|Any CPU
		{401F1487-9C41-4AE2-8566-037A777CB439}.Ad-Hoc|ARM.ActiveCfg = Debug|Any CPU
		{401F1487-9C41-4AE2-8566-037A777CB439}.Ad-Hoc|ARM.Build.0 = Debug|Any CPU
		{401F1487-9C41-4AE2-8566-037A777CB439}.Ad-Hoc|iPhone.ActiveCfg = Debug|Any CPU
		{401F1487-9C41-4AE2-8566-037A777CB439}.Ad-Hoc|iPhone.Build.0 = Debug|Any CPU
		{401F1487-9C41-4AE2-8566-037A777CB439}.Ad-Hoc|iPhoneSimulator.ActiveCfg = Debug|Any CPU
		{401F1487-9C41-4AE2-8566-037A777CB439}.Ad-Hoc|iPhoneSimulator.Build.0 = Debug|Any CPU
		{401F1487-9C41-4AE2-8566-037A777CB439}.Ad-Hoc|x64.ActiveCfg = Debug|Any CPU
		{401F1487-9C41-4AE2-8566-037A777CB439}.Ad-Hoc|x64.Build.0 = Debug|Any CPU
		{401F1487-9C41-4AE2-8566-037A777CB439}.Ad-Hoc|x86.ActiveCfg = Debug|Any CPU
		{401F1487-9C41-4AE2-8566-037A777CB439}.Ad-Hoc|x86.Build.0 = Debug|Any CPU
		{401F1487-9C41-4AE2-8566-037A777CB439}.AppStore|Any CPU.ActiveCfg = Debug|Any CPU
		{401F1487-9C41-4AE2-8566-037A777CB439}.AppStore|Any CPU.Build.0 = Debug|Any CPU
		{401F1487-9C41-4AE2-8566-037A777CB439}.AppStore|ARM.ActiveCfg = Debug|Any CPU
		{401F1487-9C41-4AE2-8566-037A777CB439}.AppStore|ARM.Build.0 = Debug|Any CPU
		{401F1487-9C41-4AE2-8566-037A777CB439}.AppStore|iPhone.ActiveCfg = Debug|Any CPU
		{401F1487-9C41-4AE2-8566-037A777CB439}.AppStore|iPhone.Build.0 = Debug|Any CPU
		{401F1487-9C41-4AE2-8566-037A777CB439}.AppStore|iPhoneSimulator.ActiveCfg = Debug|Any CPU
		{401F1487-9C41-4AE2-8566-037A777CB439}.AppStore|iPhoneSimulator.Build.0 = Debug|Any CPU
		{401F1487-9C41-4AE2-8566-037A777CB439}.AppStore|x64.ActiveCfg = Debug|Any CPU
		{401F1487-9C41-4AE2-8566-037A777CB439}.AppStore|x64.Build.0 = Debug|Any CPU
		{401F1487-9C41-4AE2-8566-037A777CB439}.AppStore|x86.ActiveCfg = Debug|Any CPU
		{401F1487-9C41-4AE2-8566-037A777CB439}.AppStore|x86.Build.0 = Debug|Any CPU
		{401F1487-9C41-4AE2-8566-037A777CB439}.Debug|Any CPU.ActiveCfg = Debug|Any CPU
		{401F1487-9C41-4AE2-8566-037A777CB439}.Debug|Any CPU.Build.0 = Debug|Any CPU
		{401F1487-9C41-4AE2-8566-037A777CB439}.Debug|ARM.ActiveCfg = Debug|Any CPU
		{401F1487-9C41-4AE2-8566-037A777CB439}.Debug|ARM.Build.0 = Debug|Any CPU
		{401F1487-9C41-4AE2-8566-037A777CB439}.Debug|iPhone.ActiveCfg = Debug|Any CPU
		{401F1487-9C41-4AE2-8566-037A777CB439}.Debug|iPhone.Build.0 = Debug|Any CPU
		{401F1487-9C41-4AE2-8566-037A777CB439}.Debug|iPhoneSimulator.ActiveCfg = Debug|Any CPU
		{401F1487-9C41-4AE2-8566-037A777CB439}.Debug|iPhoneSimulator.Build.0 = Debug|Any CPU
		{401F1487-9C41-4AE2-8566-037A777CB439}.Debug|x64.ActiveCfg = Debug|Any CPU
		{401F1487-9C41-4AE2-8566-037A777CB439}.Debug|x64.Build.0 = Debug|Any CPU
		{401F1487-9C41-4AE2-8566-037A777CB439}.Debug|x86.ActiveCfg = Debug|Any CPU
		{401F1487-9C41-4AE2-8566-037A777CB439}.Debug|x86.Build.0 = Debug|Any CPU
		{401F1487-9C41-4AE2-8566-037A777CB439}.Release|Any CPU.ActiveCfg = Release|Any CPU
		{401F1487-9C41-4AE2-8566-037A777CB439}.Release|Any CPU.Build.0 = Release|Any CPU
		{401F1487-9C41-4AE2-8566-037A777CB439}.Release|ARM.ActiveCfg = Release|Any CPU
		{401F1487-9C41-4AE2-8566-037A777CB439}.Release|ARM.Build.0 = Release|Any CPU
		{401F1487-9C41-4AE2-8566-037A777CB439}.Release|iPhone.ActiveCfg = Release|Any CPU
		{401F1487-9C41-4AE2-8566-037A777CB439}.Release|iPhone.Build.0 = Release|Any CPU
		{401F1487-9C41-4AE2-8566-037A777CB439}.Release|iPhoneSimulator.ActiveCfg = Release|Any CPU
		{401F1487-9C41-4AE2-8566-037A777CB439}.Release|iPhoneSimulator.Build.0 = Release|Any CPU
		{401F1487-9C41-4AE2-8566-037A777CB439}.Release|x64.ActiveCfg = Release|Any CPU
		{401F1487-9C41-4AE2-8566-037A777CB439}.Release|x64.Build.0 = Release|Any CPU
		{401F1487-9C41-4AE2-8566-037A777CB439}.Release|x86.ActiveCfg = Release|Any CPU
		{401F1487-9C41-4AE2-8566-037A777CB439}.Release|x86.Build.0 = Release|Any CPU
		{40405D0B-DAFC-4863-8DE2-2501DBEDFFF7}.Ad-Hoc|Any CPU.ActiveCfg = Release|Any CPU
		{40405D0B-DAFC-4863-8DE2-2501DBEDFFF7}.Ad-Hoc|Any CPU.Build.0 = Release|Any CPU
		{40405D0B-DAFC-4863-8DE2-2501DBEDFFF7}.Ad-Hoc|Any CPU.Deploy.0 = Release|Any CPU
		{40405D0B-DAFC-4863-8DE2-2501DBEDFFF7}.Ad-Hoc|ARM.ActiveCfg = Release|Any CPU
		{40405D0B-DAFC-4863-8DE2-2501DBEDFFF7}.Ad-Hoc|ARM.Build.0 = Release|Any CPU
		{40405D0B-DAFC-4863-8DE2-2501DBEDFFF7}.Ad-Hoc|ARM.Deploy.0 = Release|Any CPU
		{40405D0B-DAFC-4863-8DE2-2501DBEDFFF7}.Ad-Hoc|iPhone.ActiveCfg = Release|Any CPU
		{40405D0B-DAFC-4863-8DE2-2501DBEDFFF7}.Ad-Hoc|iPhone.Build.0 = Release|Any CPU
		{40405D0B-DAFC-4863-8DE2-2501DBEDFFF7}.Ad-Hoc|iPhone.Deploy.0 = Release|Any CPU
		{40405D0B-DAFC-4863-8DE2-2501DBEDFFF7}.Ad-Hoc|iPhoneSimulator.ActiveCfg = Release|Any CPU
		{40405D0B-DAFC-4863-8DE2-2501DBEDFFF7}.Ad-Hoc|iPhoneSimulator.Build.0 = Release|Any CPU
		{40405D0B-DAFC-4863-8DE2-2501DBEDFFF7}.Ad-Hoc|iPhoneSimulator.Deploy.0 = Release|Any CPU
		{40405D0B-DAFC-4863-8DE2-2501DBEDFFF7}.Ad-Hoc|x64.ActiveCfg = Release|Any CPU
		{40405D0B-DAFC-4863-8DE2-2501DBEDFFF7}.Ad-Hoc|x64.Build.0 = Release|Any CPU
		{40405D0B-DAFC-4863-8DE2-2501DBEDFFF7}.Ad-Hoc|x64.Deploy.0 = Release|Any CPU
		{40405D0B-DAFC-4863-8DE2-2501DBEDFFF7}.Ad-Hoc|x86.ActiveCfg = Release|Any CPU
		{40405D0B-DAFC-4863-8DE2-2501DBEDFFF7}.Ad-Hoc|x86.Build.0 = Release|Any CPU
		{40405D0B-DAFC-4863-8DE2-2501DBEDFFF7}.Ad-Hoc|x86.Deploy.0 = Release|Any CPU
		{40405D0B-DAFC-4863-8DE2-2501DBEDFFF7}.AppStore|Any CPU.ActiveCfg = Release|Any CPU
		{40405D0B-DAFC-4863-8DE2-2501DBEDFFF7}.AppStore|Any CPU.Build.0 = Release|Any CPU
		{40405D0B-DAFC-4863-8DE2-2501DBEDFFF7}.AppStore|Any CPU.Deploy.0 = Release|Any CPU
		{40405D0B-DAFC-4863-8DE2-2501DBEDFFF7}.AppStore|ARM.ActiveCfg = Release|Any CPU
		{40405D0B-DAFC-4863-8DE2-2501DBEDFFF7}.AppStore|ARM.Build.0 = Release|Any CPU
		{40405D0B-DAFC-4863-8DE2-2501DBEDFFF7}.AppStore|ARM.Deploy.0 = Release|Any CPU
		{40405D0B-DAFC-4863-8DE2-2501DBEDFFF7}.AppStore|iPhone.ActiveCfg = Release|Any CPU
		{40405D0B-DAFC-4863-8DE2-2501DBEDFFF7}.AppStore|iPhone.Build.0 = Release|Any CPU
		{40405D0B-DAFC-4863-8DE2-2501DBEDFFF7}.AppStore|iPhone.Deploy.0 = Release|Any CPU
		{40405D0B-DAFC-4863-8DE2-2501DBEDFFF7}.AppStore|iPhoneSimulator.ActiveCfg = Release|Any CPU
		{40405D0B-DAFC-4863-8DE2-2501DBEDFFF7}.AppStore|iPhoneSimulator.Build.0 = Release|Any CPU
		{40405D0B-DAFC-4863-8DE2-2501DBEDFFF7}.AppStore|iPhoneSimulator.Deploy.0 = Release|Any CPU
		{40405D0B-DAFC-4863-8DE2-2501DBEDFFF7}.AppStore|x64.ActiveCfg = Release|Any CPU
		{40405D0B-DAFC-4863-8DE2-2501DBEDFFF7}.AppStore|x64.Build.0 = Release|Any CPU
		{40405D0B-DAFC-4863-8DE2-2501DBEDFFF7}.AppStore|x64.Deploy.0 = Release|Any CPU
		{40405D0B-DAFC-4863-8DE2-2501DBEDFFF7}.AppStore|x86.ActiveCfg = Release|Any CPU
		{40405D0B-DAFC-4863-8DE2-2501DBEDFFF7}.AppStore|x86.Build.0 = Release|Any CPU
		{40405D0B-DAFC-4863-8DE2-2501DBEDFFF7}.AppStore|x86.Deploy.0 = Release|Any CPU
		{40405D0B-DAFC-4863-8DE2-2501DBEDFFF7}.Debug|Any CPU.ActiveCfg = Debug|Any CPU
		{40405D0B-DAFC-4863-8DE2-2501DBEDFFF7}.Debug|Any CPU.Build.0 = Debug|Any CPU
		{40405D0B-DAFC-4863-8DE2-2501DBEDFFF7}.Debug|Any CPU.Deploy.0 = Debug|Any CPU
		{40405D0B-DAFC-4863-8DE2-2501DBEDFFF7}.Debug|ARM.ActiveCfg = Debug|Any CPU
		{40405D0B-DAFC-4863-8DE2-2501DBEDFFF7}.Debug|ARM.Build.0 = Debug|Any CPU
		{40405D0B-DAFC-4863-8DE2-2501DBEDFFF7}.Debug|ARM.Deploy.0 = Debug|Any CPU
		{40405D0B-DAFC-4863-8DE2-2501DBEDFFF7}.Debug|iPhone.ActiveCfg = Debug|Any CPU
		{40405D0B-DAFC-4863-8DE2-2501DBEDFFF7}.Debug|iPhone.Build.0 = Debug|Any CPU
		{40405D0B-DAFC-4863-8DE2-2501DBEDFFF7}.Debug|iPhone.Deploy.0 = Debug|Any CPU
		{40405D0B-DAFC-4863-8DE2-2501DBEDFFF7}.Debug|iPhoneSimulator.ActiveCfg = Debug|Any CPU
		{40405D0B-DAFC-4863-8DE2-2501DBEDFFF7}.Debug|iPhoneSimulator.Build.0 = Debug|Any CPU
		{40405D0B-DAFC-4863-8DE2-2501DBEDFFF7}.Debug|iPhoneSimulator.Deploy.0 = Debug|Any CPU
		{40405D0B-DAFC-4863-8DE2-2501DBEDFFF7}.Debug|x64.ActiveCfg = Debug|Any CPU
		{40405D0B-DAFC-4863-8DE2-2501DBEDFFF7}.Debug|x64.Build.0 = Debug|Any CPU
		{40405D0B-DAFC-4863-8DE2-2501DBEDFFF7}.Debug|x64.Deploy.0 = Debug|Any CPU
		{40405D0B-DAFC-4863-8DE2-2501DBEDFFF7}.Debug|x86.ActiveCfg = Debug|Any CPU
		{40405D0B-DAFC-4863-8DE2-2501DBEDFFF7}.Debug|x86.Build.0 = Debug|Any CPU
		{40405D0B-DAFC-4863-8DE2-2501DBEDFFF7}.Debug|x86.Deploy.0 = Debug|Any CPU
		{40405D0B-DAFC-4863-8DE2-2501DBEDFFF7}.Release|Any CPU.ActiveCfg = Release|Any CPU
		{40405D0B-DAFC-4863-8DE2-2501DBEDFFF7}.Release|Any CPU.Build.0 = Release|Any CPU
		{40405D0B-DAFC-4863-8DE2-2501DBEDFFF7}.Release|Any CPU.Deploy.0 = Release|Any CPU
		{40405D0B-DAFC-4863-8DE2-2501DBEDFFF7}.Release|ARM.ActiveCfg = Release|Any CPU
		{40405D0B-DAFC-4863-8DE2-2501DBEDFFF7}.Release|ARM.Build.0 = Release|Any CPU
		{40405D0B-DAFC-4863-8DE2-2501DBEDFFF7}.Release|ARM.Deploy.0 = Release|Any CPU
		{40405D0B-DAFC-4863-8DE2-2501DBEDFFF7}.Release|iPhone.ActiveCfg = Release|Any CPU
		{40405D0B-DAFC-4863-8DE2-2501DBEDFFF7}.Release|iPhone.Build.0 = Release|Any CPU
		{40405D0B-DAFC-4863-8DE2-2501DBEDFFF7}.Release|iPhone.Deploy.0 = Release|Any CPU
		{40405D0B-DAFC-4863-8DE2-2501DBEDFFF7}.Release|iPhoneSimulator.ActiveCfg = Release|Any CPU
		{40405D0B-DAFC-4863-8DE2-2501DBEDFFF7}.Release|iPhoneSimulator.Build.0 = Release|Any CPU
		{40405D0B-DAFC-4863-8DE2-2501DBEDFFF7}.Release|iPhoneSimulator.Deploy.0 = Release|Any CPU
		{40405D0B-DAFC-4863-8DE2-2501DBEDFFF7}.Release|x64.ActiveCfg = Release|Any CPU
		{40405D0B-DAFC-4863-8DE2-2501DBEDFFF7}.Release|x64.Build.0 = Release|Any CPU
		{40405D0B-DAFC-4863-8DE2-2501DBEDFFF7}.Release|x64.Deploy.0 = Release|Any CPU
		{40405D0B-DAFC-4863-8DE2-2501DBEDFFF7}.Release|x86.ActiveCfg = Release|Any CPU
		{40405D0B-DAFC-4863-8DE2-2501DBEDFFF7}.Release|x86.Build.0 = Release|Any CPU
		{40405D0B-DAFC-4863-8DE2-2501DBEDFFF7}.Release|x86.Deploy.0 = Release|Any CPU
		{2A8C744D-57F8-4F41-8251-7CA590F8D95B}.Ad-Hoc|Any CPU.ActiveCfg = Ad-Hoc|iPhone
		{2A8C744D-57F8-4F41-8251-7CA590F8D95B}.Ad-Hoc|ARM.ActiveCfg = Ad-Hoc|iPhone
		{2A8C744D-57F8-4F41-8251-7CA590F8D95B}.Ad-Hoc|iPhone.ActiveCfg = Ad-Hoc|iPhone
		{2A8C744D-57F8-4F41-8251-7CA590F8D95B}.Ad-Hoc|iPhone.Build.0 = Ad-Hoc|iPhone
		{2A8C744D-57F8-4F41-8251-7CA590F8D95B}.Ad-Hoc|iPhoneSimulator.ActiveCfg = Ad-Hoc|iPhoneSimulator
		{2A8C744D-57F8-4F41-8251-7CA590F8D95B}.Ad-Hoc|iPhoneSimulator.Build.0 = Ad-Hoc|iPhoneSimulator
		{2A8C744D-57F8-4F41-8251-7CA590F8D95B}.Ad-Hoc|x64.ActiveCfg = Ad-Hoc|iPhone
		{2A8C744D-57F8-4F41-8251-7CA590F8D95B}.Ad-Hoc|x86.ActiveCfg = Ad-Hoc|iPhone
		{2A8C744D-57F8-4F41-8251-7CA590F8D95B}.AppStore|Any CPU.ActiveCfg = AppStore|iPhone
		{2A8C744D-57F8-4F41-8251-7CA590F8D95B}.AppStore|ARM.ActiveCfg = AppStore|iPhone
		{2A8C744D-57F8-4F41-8251-7CA590F8D95B}.AppStore|iPhone.ActiveCfg = AppStore|iPhone
		{2A8C744D-57F8-4F41-8251-7CA590F8D95B}.AppStore|iPhone.Build.0 = AppStore|iPhone
		{2A8C744D-57F8-4F41-8251-7CA590F8D95B}.AppStore|iPhoneSimulator.ActiveCfg = AppStore|iPhoneSimulator
		{2A8C744D-57F8-4F41-8251-7CA590F8D95B}.AppStore|iPhoneSimulator.Build.0 = AppStore|iPhoneSimulator
		{2A8C744D-57F8-4F41-8251-7CA590F8D95B}.AppStore|x64.ActiveCfg = AppStore|iPhone
		{2A8C744D-57F8-4F41-8251-7CA590F8D95B}.AppStore|x86.ActiveCfg = AppStore|iPhone
		{2A8C744D-57F8-4F41-8251-7CA590F8D95B}.Debug|Any CPU.ActiveCfg = Debug|iPhone
		{2A8C744D-57F8-4F41-8251-7CA590F8D95B}.Debug|ARM.ActiveCfg = Debug|iPhone
		{2A8C744D-57F8-4F41-8251-7CA590F8D95B}.Debug|iPhone.ActiveCfg = Debug|iPhone
		{2A8C744D-57F8-4F41-8251-7CA590F8D95B}.Debug|iPhone.Build.0 = Debug|iPhone
		{2A8C744D-57F8-4F41-8251-7CA590F8D95B}.Debug|iPhoneSimulator.ActiveCfg = Debug|iPhoneSimulator
		{2A8C744D-57F8-4F41-8251-7CA590F8D95B}.Debug|iPhoneSimulator.Build.0 = Debug|iPhoneSimulator
		{2A8C744D-57F8-4F41-8251-7CA590F8D95B}.Debug|x64.ActiveCfg = Debug|iPhone
		{2A8C744D-57F8-4F41-8251-7CA590F8D95B}.Debug|x86.ActiveCfg = Debug|iPhone
		{2A8C744D-57F8-4F41-8251-7CA590F8D95B}.Release|Any CPU.ActiveCfg = Release|iPhone
		{2A8C744D-57F8-4F41-8251-7CA590F8D95B}.Release|ARM.ActiveCfg = Release|iPhone
		{2A8C744D-57F8-4F41-8251-7CA590F8D95B}.Release|iPhone.ActiveCfg = Release|iPhone
		{2A8C744D-57F8-4F41-8251-7CA590F8D95B}.Release|iPhone.Build.0 = Release|iPhone
		{2A8C744D-57F8-4F41-8251-7CA590F8D95B}.Release|iPhoneSimulator.ActiveCfg = Release|iPhoneSimulator
		{2A8C744D-57F8-4F41-8251-7CA590F8D95B}.Release|iPhoneSimulator.Build.0 = Release|iPhoneSimulator
		{2A8C744D-57F8-4F41-8251-7CA590F8D95B}.Release|x64.ActiveCfg = Release|iPhone
		{2A8C744D-57F8-4F41-8251-7CA590F8D95B}.Release|x86.ActiveCfg = Release|iPhone
		{B69AA457-3568-4E52-B427-3A719A55E64D}.Ad-Hoc|Any CPU.ActiveCfg = Release|x86
		{B69AA457-3568-4E52-B427-3A719A55E64D}.Ad-Hoc|Any CPU.Build.0 = Release|x86
		{B69AA457-3568-4E52-B427-3A719A55E64D}.Ad-Hoc|Any CPU.Deploy.0 = Release|x86
		{B69AA457-3568-4E52-B427-3A719A55E64D}.Ad-Hoc|ARM.ActiveCfg = Release|ARM
		{B69AA457-3568-4E52-B427-3A719A55E64D}.Ad-Hoc|ARM.Build.0 = Release|ARM
		{B69AA457-3568-4E52-B427-3A719A55E64D}.Ad-Hoc|ARM.Deploy.0 = Release|ARM
		{B69AA457-3568-4E52-B427-3A719A55E64D}.Ad-Hoc|iPhone.ActiveCfg = Release|x86
		{B69AA457-3568-4E52-B427-3A719A55E64D}.Ad-Hoc|iPhone.Build.0 = Release|x86
		{B69AA457-3568-4E52-B427-3A719A55E64D}.Ad-Hoc|iPhone.Deploy.0 = Release|x86
		{B69AA457-3568-4E52-B427-3A719A55E64D}.Ad-Hoc|iPhoneSimulator.ActiveCfg = Release|x86
		{B69AA457-3568-4E52-B427-3A719A55E64D}.Ad-Hoc|iPhoneSimulator.Build.0 = Release|x86
		{B69AA457-3568-4E52-B427-3A719A55E64D}.Ad-Hoc|iPhoneSimulator.Deploy.0 = Release|x86
		{B69AA457-3568-4E52-B427-3A719A55E64D}.Ad-Hoc|x64.ActiveCfg = Release|x64
		{B69AA457-3568-4E52-B427-3A719A55E64D}.Ad-Hoc|x64.Build.0 = Release|x64
		{B69AA457-3568-4E52-B427-3A719A55E64D}.Ad-Hoc|x64.Deploy.0 = Release|x64
		{B69AA457-3568-4E52-B427-3A719A55E64D}.Ad-Hoc|x86.ActiveCfg = Release|x86
		{B69AA457-3568-4E52-B427-3A719A55E64D}.Ad-Hoc|x86.Build.0 = Release|x86
		{B69AA457-3568-4E52-B427-3A719A55E64D}.Ad-Hoc|x86.Deploy.0 = Release|x86
		{B69AA457-3568-4E52-B427-3A719A55E64D}.AppStore|Any CPU.ActiveCfg = Release|x86
		{B69AA457-3568-4E52-B427-3A719A55E64D}.AppStore|Any CPU.Build.0 = Release|x86
		{B69AA457-3568-4E52-B427-3A719A55E64D}.AppStore|Any CPU.Deploy.0 = Release|x86
		{B69AA457-3568-4E52-B427-3A719A55E64D}.AppStore|ARM.ActiveCfg = Release|ARM
		{B69AA457-3568-4E52-B427-3A719A55E64D}.AppStore|ARM.Build.0 = Release|ARM
		{B69AA457-3568-4E52-B427-3A719A55E64D}.AppStore|ARM.Deploy.0 = Release|ARM
		{B69AA457-3568-4E52-B427-3A719A55E64D}.AppStore|iPhone.ActiveCfg = Release|x86
		{B69AA457-3568-4E52-B427-3A719A55E64D}.AppStore|iPhone.Build.0 = Release|x86
		{B69AA457-3568-4E52-B427-3A719A55E64D}.AppStore|iPhone.Deploy.0 = Release|x86
		{B69AA457-3568-4E52-B427-3A719A55E64D}.AppStore|iPhoneSimulator.ActiveCfg = Release|x86
		{B69AA457-3568-4E52-B427-3A719A55E64D}.AppStore|iPhoneSimulator.Build.0 = Release|x86
		{B69AA457-3568-4E52-B427-3A719A55E64D}.AppStore|iPhoneSimulator.Deploy.0 = Release|x86
		{B69AA457-3568-4E52-B427-3A719A55E64D}.AppStore|x64.ActiveCfg = Release|x64
		{B69AA457-3568-4E52-B427-3A719A55E64D}.AppStore|x64.Build.0 = Release|x64
		{B69AA457-3568-4E52-B427-3A719A55E64D}.AppStore|x64.Deploy.0 = Release|x64
		{B69AA457-3568-4E52-B427-3A719A55E64D}.AppStore|x86.ActiveCfg = Release|x86
		{B69AA457-3568-4E52-B427-3A719A55E64D}.AppStore|x86.Build.0 = Release|x86
		{B69AA457-3568-4E52-B427-3A719A55E64D}.AppStore|x86.Deploy.0 = Release|x86
		{B69AA457-3568-4E52-B427-3A719A55E64D}.Debug|Any CPU.ActiveCfg = Debug|x86
		{B69AA457-3568-4E52-B427-3A719A55E64D}.Debug|Any CPU.Build.0 = Debug|x86
		{B69AA457-3568-4E52-B427-3A719A55E64D}.Debug|Any CPU.Deploy.0 = Debug|x86
		{B69AA457-3568-4E52-B427-3A719A55E64D}.Debug|ARM.ActiveCfg = Debug|ARM
		{B69AA457-3568-4E52-B427-3A719A55E64D}.Debug|ARM.Build.0 = Debug|ARM
		{B69AA457-3568-4E52-B427-3A719A55E64D}.Debug|ARM.Deploy.0 = Debug|ARM
		{B69AA457-3568-4E52-B427-3A719A55E64D}.Debug|iPhone.ActiveCfg = Debug|x86
		{B69AA457-3568-4E52-B427-3A719A55E64D}.Debug|iPhoneSimulator.ActiveCfg = Debug|x86
		{B69AA457-3568-4E52-B427-3A719A55E64D}.Debug|x64.ActiveCfg = Debug|x64
		{B69AA457-3568-4E52-B427-3A719A55E64D}.Debug|x64.Build.0 = Debug|x64
		{B69AA457-3568-4E52-B427-3A719A55E64D}.Debug|x64.Deploy.0 = Debug|x64
		{B69AA457-3568-4E52-B427-3A719A55E64D}.Debug|x86.ActiveCfg = Debug|x86
		{B69AA457-3568-4E52-B427-3A719A55E64D}.Debug|x86.Build.0 = Debug|x86
		{B69AA457-3568-4E52-B427-3A719A55E64D}.Debug|x86.Deploy.0 = Debug|x86
		{B69AA457-3568-4E52-B427-3A719A55E64D}.Release|Any CPU.ActiveCfg = Release|x86
		{B69AA457-3568-4E52-B427-3A719A55E64D}.Release|ARM.ActiveCfg = Release|ARM
		{B69AA457-3568-4E52-B427-3A719A55E64D}.Release|ARM.Build.0 = Release|ARM
		{B69AA457-3568-4E52-B427-3A719A55E64D}.Release|ARM.Deploy.0 = Release|ARM
		{B69AA457-3568-4E52-B427-3A719A55E64D}.Release|iPhone.ActiveCfg = Release|x86
		{B69AA457-3568-4E52-B427-3A719A55E64D}.Release|iPhoneSimulator.ActiveCfg = Release|x86
		{B69AA457-3568-4E52-B427-3A719A55E64D}.Release|x64.ActiveCfg = Release|x64
		{B69AA457-3568-4E52-B427-3A719A55E64D}.Release|x64.Build.0 = Release|x64
		{B69AA457-3568-4E52-B427-3A719A55E64D}.Release|x64.Deploy.0 = Release|x64
		{B69AA457-3568-4E52-B427-3A719A55E64D}.Release|x86.ActiveCfg = Release|x86
		{B69AA457-3568-4E52-B427-3A719A55E64D}.Release|x86.Build.0 = Release|x86
		{B69AA457-3568-4E52-B427-3A719A55E64D}.Release|x86.Deploy.0 = Release|x86
		{AB0ED03E-6A79-4D6A-BC7D-EC09763EC9AD}.Ad-Hoc|Any CPU.ActiveCfg = Debug|Any CPU
		{AB0ED03E-6A79-4D6A-BC7D-EC09763EC9AD}.Ad-Hoc|Any CPU.Build.0 = Debug|Any CPU
		{AB0ED03E-6A79-4D6A-BC7D-EC09763EC9AD}.Ad-Hoc|ARM.ActiveCfg = Debug|Any CPU
		{AB0ED03E-6A79-4D6A-BC7D-EC09763EC9AD}.Ad-Hoc|ARM.Build.0 = Debug|Any CPU
		{AB0ED03E-6A79-4D6A-BC7D-EC09763EC9AD}.Ad-Hoc|iPhone.ActiveCfg = Debug|Any CPU
		{AB0ED03E-6A79-4D6A-BC7D-EC09763EC9AD}.Ad-Hoc|iPhone.Build.0 = Debug|Any CPU
		{AB0ED03E-6A79-4D6A-BC7D-EC09763EC9AD}.Ad-Hoc|iPhoneSimulator.ActiveCfg = Debug|Any CPU
		{AB0ED03E-6A79-4D6A-BC7D-EC09763EC9AD}.Ad-Hoc|iPhoneSimulator.Build.0 = Debug|Any CPU
		{AB0ED03E-6A79-4D6A-BC7D-EC09763EC9AD}.Ad-Hoc|x64.ActiveCfg = Debug|Any CPU
		{AB0ED03E-6A79-4D6A-BC7D-EC09763EC9AD}.Ad-Hoc|x64.Build.0 = Debug|Any CPU
		{AB0ED03E-6A79-4D6A-BC7D-EC09763EC9AD}.Ad-Hoc|x86.ActiveCfg = Debug|Any CPU
		{AB0ED03E-6A79-4D6A-BC7D-EC09763EC9AD}.Ad-Hoc|x86.Build.0 = Debug|Any CPU
		{AB0ED03E-6A79-4D6A-BC7D-EC09763EC9AD}.AppStore|Any CPU.ActiveCfg = Debug|Any CPU
		{AB0ED03E-6A79-4D6A-BC7D-EC09763EC9AD}.AppStore|Any CPU.Build.0 = Debug|Any CPU
		{AB0ED03E-6A79-4D6A-BC7D-EC09763EC9AD}.AppStore|ARM.ActiveCfg = Debug|Any CPU
		{AB0ED03E-6A79-4D6A-BC7D-EC09763EC9AD}.AppStore|ARM.Build.0 = Debug|Any CPU
		{AB0ED03E-6A79-4D6A-BC7D-EC09763EC9AD}.AppStore|iPhone.ActiveCfg = Debug|Any CPU
		{AB0ED03E-6A79-4D6A-BC7D-EC09763EC9AD}.AppStore|iPhone.Build.0 = Debug|Any CPU
		{AB0ED03E-6A79-4D6A-BC7D-EC09763EC9AD}.AppStore|iPhoneSimulator.ActiveCfg = Debug|Any CPU
		{AB0ED03E-6A79-4D6A-BC7D-EC09763EC9AD}.AppStore|iPhoneSimulator.Build.0 = Debug|Any CPU
		{AB0ED03E-6A79-4D6A-BC7D-EC09763EC9AD}.AppStore|x64.ActiveCfg = Debug|Any CPU
		{AB0ED03E-6A79-4D6A-BC7D-EC09763EC9AD}.AppStore|x64.Build.0 = Debug|Any CPU
		{AB0ED03E-6A79-4D6A-BC7D-EC09763EC9AD}.AppStore|x86.ActiveCfg = Debug|Any CPU
		{AB0ED03E-6A79-4D6A-BC7D-EC09763EC9AD}.AppStore|x86.Build.0 = Debug|Any CPU
		{AB0ED03E-6A79-4D6A-BC7D-EC09763EC9AD}.Debug|Any CPU.ActiveCfg = Debug|Any CPU
		{AB0ED03E-6A79-4D6A-BC7D-EC09763EC9AD}.Debug|Any CPU.Build.0 = Debug|Any CPU
		{AB0ED03E-6A79-4D6A-BC7D-EC09763EC9AD}.Debug|ARM.ActiveCfg = Debug|Any CPU
		{AB0ED03E-6A79-4D6A-BC7D-EC09763EC9AD}.Debug|ARM.Build.0 = Debug|Any CPU
		{AB0ED03E-6A79-4D6A-BC7D-EC09763EC9AD}.Debug|iPhone.ActiveCfg = Debug|Any CPU
		{AB0ED03E-6A79-4D6A-BC7D-EC09763EC9AD}.Debug|iPhone.Build.0 = Debug|Any CPU
		{AB0ED03E-6A79-4D6A-BC7D-EC09763EC9AD}.Debug|iPhoneSimulator.ActiveCfg = Debug|Any CPU
		{AB0ED03E-6A79-4D6A-BC7D-EC09763EC9AD}.Debug|iPhoneSimulator.Build.0 = Debug|Any CPU
		{AB0ED03E-6A79-4D6A-BC7D-EC09763EC9AD}.Debug|x64.ActiveCfg = Debug|Any CPU
		{AB0ED03E-6A79-4D6A-BC7D-EC09763EC9AD}.Debug|x64.Build.0 = Debug|Any CPU
		{AB0ED03E-6A79-4D6A-BC7D-EC09763EC9AD}.Debug|x86.ActiveCfg = Debug|Any CPU
		{AB0ED03E-6A79-4D6A-BC7D-EC09763EC9AD}.Debug|x86.Build.0 = Debug|Any CPU
		{AB0ED03E-6A79-4D6A-BC7D-EC09763EC9AD}.Release|Any CPU.ActiveCfg = Release|Any CPU
		{AB0ED03E-6A79-4D6A-BC7D-EC09763EC9AD}.Release|Any CPU.Build.0 = Release|Any CPU
		{AB0ED03E-6A79-4D6A-BC7D-EC09763EC9AD}.Release|ARM.ActiveCfg = Release|Any CPU
		{AB0ED03E-6A79-4D6A-BC7D-EC09763EC9AD}.Release|ARM.Build.0 = Release|Any CPU
		{AB0ED03E-6A79-4D6A-BC7D-EC09763EC9AD}.Release|iPhone.ActiveCfg = Release|Any CPU
		{AB0ED03E-6A79-4D6A-BC7D-EC09763EC9AD}.Release|iPhone.Build.0 = Release|Any CPU
		{AB0ED03E-6A79-4D6A-BC7D-EC09763EC9AD}.Release|iPhoneSimulator.ActiveCfg = Release|Any CPU
		{AB0ED03E-6A79-4D6A-BC7D-EC09763EC9AD}.Release|iPhoneSimulator.Build.0 = Release|Any CPU
		{AB0ED03E-6A79-4D6A-BC7D-EC09763EC9AD}.Release|x64.ActiveCfg = Release|Any CPU
		{AB0ED03E-6A79-4D6A-BC7D-EC09763EC9AD}.Release|x64.Build.0 = Release|Any CPU
		{AB0ED03E-6A79-4D6A-BC7D-EC09763EC9AD}.Release|x86.ActiveCfg = Release|Any CPU
		{AB0ED03E-6A79-4D6A-BC7D-EC09763EC9AD}.Release|x86.Build.0 = Release|Any CPU
	EndGlobalSection
	GlobalSection(SolutionProperties) = preSolution
		HideSolutionNode = FALSE
	EndGlobalSection
	GlobalSection(ExtensibilityGlobals) = postSolution
		SolutionGuid = {6D1A524E-238F-45C8-A1EF-024C7C4B95CB}
	EndGlobalSection
EndGlobal
